
Microsoft Visual Studio Solution File, Format Version 12.00
# Visual Studio 2013
VisualStudioVersion = 12.0.21005.1
MinimumVisualStudioVersion = 10.0.40219.1
Project("{FAE04EC0-301F-11D3-BF4B-00C04F79EFBC}") = "MeteorWatch", "MeteorWatch\MeteorWatch.csproj", "{567E9E34-9EBA-4A28-9CC9-93168A553D49}"
	ProjectSection(ProjectDependencies) = postProject
		{8AE908FE-3B73-4866-BA16-04E7CAD68EDE} = {8AE908FE-3B73-4866-BA16-04E7CAD68EDE}
	EndProjectSection
EndProject
Project("{FAE04EC0-301F-11D3-BF4B-00C04F79EFBC}") = "LogFileViewer", "LogFileViewer\LogFileViewer.csproj", "{8AE908FE-3B73-4866-BA16-04E7CAD68EDE}"
EndProject
Global
	GlobalSection(SolutionConfigurationPlatforms) = preSolution
		Debug|Any CPU = Debug|Any CPU
		Release|Any CPU = Release|Any CPU
	EndGlobalSection
	GlobalSection(ProjectConfigurationPlatforms) = postSolution
		{567E9E34-9EBA-4A28-9CC9-93168A553D49}.Debug|Any CPU.ActiveCfg = Debug|Any CPU
		{567E9E34-9EBA-4A28-9CC9-93168A553D49}.Debug|Any CPU.Build.0 = Debug|Any CPU
		{567E9E34-9EBA-4A28-9CC9-93168A553D49}.Release|Any CPU.ActiveCfg = Release|Any CPU
		{567E9E34-9EBA-4A28-9CC9-93168A553D49}.Release|Any CPU.Build.0 = Release|Any CPU
		{8AE908FE-3B73-4866-BA16-04E7CAD68EDE}.Debug|Any CPU.ActiveCfg = Debug|Any CPU
		{8AE908FE-3B73-4866-BA16-04E7CAD68EDE}.Debug|Any CPU.Build.0 = Debug|Any CPU
		{8AE908FE-3B73-4866-BA16-04E7CAD68EDE}.Release|Any CPU.ActiveCfg = Release|Any CPU
		{8AE908FE-3B73-4866-BA16-04E7CAD68EDE}.Release|Any CPU.Build.0 = Release|Any CPU
	EndGlobalSection
	GlobalSection(SolutionProperties) = preSolution
		HideSolutionNode = FALSE
	EndGlobalSection
EndGlobal
